# This file is automatically @generated by Cargo.
# It is not intended for manual editing.
version = 3

[[package]]
name = "bitflags"
version = "1.3.2"
source = "registry+https://github.com/rust-lang/crates.io-index"
checksum = "bef38d45163c2f1dde094a7dfd33ccf595c92905c8f8f4fdc18d06fb1037718a"

[[package]]
name = "fs"
version = "0.1.0"
dependencies = [
 "bitflags",
 "libc",
 "sc",
]

[[package]]
name = "libc"
version = "0.2.137"
source = "registry+https://github.com/rust-lang/crates.io-index"
checksum = "fc7fcc620a3bff7cdd7a365be3376c97191aeaccc2a603e600951e452615bf89"

[[package]]
name = "sc"
version = "0.2.7"
source = "registry+https://github.com/rust-lang/crates.io-index"
checksum = "010e18bd3bfd1d45a7e666b236c78720df0d9a7698ebaa9c1c559961eb60a38b"
